
Microsoft Visual Studio Solution File, Format Version 12.00
# Visual Studio Version 16
VisualStudioVersion = 16.0.30523.141
MinimumVisualStudioVersion = 10.0.40219.1
Project("{2150E333-8FDC-42A3-9474-1A3956D46DE8}") = "Solution Items", "Solution Items", "{94656F7D-8B4D-474C-BC8E-3405C97C657D}"
	ProjectSection(SolutionItems) = preProject
		README.MD = README.MD
	EndProjectSection
EndProject
Project("{9A19103F-16F7-4668-BE54-9A1E7A4F7556}") = "FlickrAPI.Core", "FlickrAPI.Core\FlickrAPI.Core.csproj", "{B8D28D39-3548-499A-AFF2-73B481C56E29}"
EndProject
Project("{9A19103F-16F7-4668-BE54-9A1E7A4F7556}") = "FlickrAPI.Tests", "FlickrAPI.Tests\FlickrAPI.Tests.csproj", "{EC4970D3-30B6-41B2-905F-DA54E59F862B}"
EndProject
Project("{9A19103F-16F7-4668-BE54-9A1E7A4F7556}") = "FlickrAPI.UI", "FlickrAPI.UI\FlickrAPI.UI.csproj", "{ECCA07D7-2066-40F7-8DF5-AA3292C39646}"
EndProject
Global
	GlobalSection(SolutionConfigurationPlatforms) = preSolution
		Debug|Any CPU = Debug|Any CPU
		Release|Any CPU = Release|Any CPU
	EndGlobalSection
	GlobalSection(ProjectConfigurationPlatforms) = postSolution
		{B8D28D39-3548-499A-AFF2-73B481C56E29}.Debug|Any CPU.ActiveCfg = Debug|Any CPU
		{B8D28D39-3548-499A-AFF2-73B481C56E29}.Debug|Any CPU.Build.0 = Debug|Any CPU
		{B8D28D39-3548-499A-AFF2-73B481C56E29}.Release|Any CPU.ActiveCfg = Release|Any CPU
		{B8D28D39-3548-499A-AFF2-73B481C56E29}.Release|Any CPU.Build.0 = Release|Any CPU
		{EC4970D3-30B6-41B2-905F-DA54E59F862B}.Debug|Any CPU.ActiveCfg = Debug|Any CPU
		{EC4970D3-30B6-41B2-905F-DA54E59F862B}.Debug|Any CPU.Build.0 = Debug|Any CPU
		{EC4970D3-30B6-41B2-905F-DA54E59F862B}.Release|Any CPU.ActiveCfg = Release|Any CPU
		{EC4970D3-30B6-41B2-905F-DA54E59F862B}.Release|Any CPU.Build.0 = Release|Any CPU
		{ECCA07D7-2066-40F7-8DF5-AA3292C39646}.Debug|Any CPU.ActiveCfg = Debug|Any CPU
		{ECCA07D7-2066-40F7-8DF5-AA3292C39646}.Debug|Any CPU.Build.0 = Debug|Any CPU
		{ECCA07D7-2066-40F7-8DF5-AA3292C39646}.Release|Any CPU.ActiveCfg = Release|Any CPU
		{ECCA07D7-2066-40F7-8DF5-AA3292C39646}.Release|Any CPU.Build.0 = Release|Any CPU
	EndGlobalSection
	GlobalSection(SolutionProperties) = preSolution
		HideSolutionNode = FALSE
	EndGlobalSection
	GlobalSection(ExtensibilityGlobals) = postSolution
		SolutionGuid = {1EE6FE9F-BCFA-44BA-91E7-F3E8E99B1C2E}
	EndGlobalSection
EndGlobal
